<?xml version="1.0" encoding="utf-8"?>
<Project ToolsVersion="4.0" xmlns="http://schemas.microsoft.com/developer/msbuild/2003">
  <ItemGroup>
    <Filter Include="Source Files">
      <UniqueIdentifier>{4FC737F1-C7A5-4376-A066-2A32D752A2FF}</UniqueIdentifier>
      <Extensions>cpp;c;cc;cxx;def;odl;idl;hpj;bat;asm;asmx</Extensions>
    </Filter>
    <Filter Include="Header Files">
      <UniqueIdentifier>{93995380-89BD-4b04-88EB-625FBE52EBFB}</UniqueIdentifier>
      <Extensions>h;hpp;hxx;hm;inl;inc;xsd</Extensions>
    </Filter>
    <Filter Include="Resource Files">
      <UniqueIdentifier>{67DA6AB6-F800-4c08-8B7A-83BB121AAD01}</UniqueIdentifier>
      <Extensions>rc;ico;cur;bmp;dlg;rc2;rct;bin;rgs;gif;jpg;jpeg;jpe;resx;tiff;tif;png;wav;mfcribbon-ms</Extensions>
    </Filter>
    <Filter Include="Figuras">
      <UniqueIdentifier>{72a91f38-731d-4400-ac0f-70d079b1c8c8}</UniqueIdentifier>
    </Filter>
  </ItemGroup>
  <ItemGroup>
    <ClCompile Include="main.cpp">
      <Filter>Source Files</Filter>
    </ClCompile>
    <ClCompile Include="Utilities.cpp">
      <Filter>Source Files</Filter>
    </ClCompile>
    <ClCompile Include="Camera.cpp">
      <Filter>Source Files</Filter>
    </ClCompile>
    <ClCompile Include="Input.cpp">
      <Filter>Source Files</Filter>
    </ClCompile>
    <ClCompile Include="Figuras\CG_OBJ.cpp">
      <Filter>Figuras</Filter>
    </ClCompile>
    <ClCompile Include="Figuras\Cilindro.cpp">
      <Filter>Figuras</Filter>
    </ClCompile>
    <ClCompile Include="Figuras\Cubo.cpp">
      <Filter>Figuras</Filter>
    </ClCompile>
    <ClCompile Include="Figuras\Esfera.cpp">
      <Filter>Figuras</Filter>
    </ClCompile>
    <ClCompile Include="Figuras\Plano.cpp">
      <Filter>Figuras</Filter>
    </ClCompile>
    <ClCompile Include="Figuras\SolidoRevolucao.cpp">
      <Filter>Figuras</Filter>
    </ClCompile>
    <ClCompile Include="Textura.cpp">
      <Filter>Source Files</Filter>
    </ClCompile>
    <ClCompile Include="Light.cpp">
      <Filter>Source Files</Filter>
    </ClCompile>
    <ClCompile Include="Profiler.cpp">
      <Filter>Source Files</Filter>
    </ClCompile>
    <ClCompile Include="Frustum.cpp">
      <Filter>Source Files</Filter>
    </ClCompile>
    <ClCompile Include="Plano3D.cpp">
      <Filter>Source Files</Filter>
    </ClCompile>
    <ClCompile Include="Vec3.cpp">
      <Filter>Source Files</Filter>
    </ClCompile>
    <ClCompile Include="ObjectTree.cpp">
      <Filter>Source Files</Filter>
    </ClCompile>
    <ClCompile Include="Figuras\Triangulo.cpp">
      <Filter>Figuras</Filter>
    </ClCompile>
  </ItemGroup>
  <ItemGroup>
    <ClInclude Include="Utilities.h">
      <Filter>Header Files</Filter>
    </ClInclude>
    <ClInclude Include="Input.h">
      <Filter>Header Files</Filter>
    </ClInclude>
    <ClInclude Include="Camera.h">
      <Filter>Header Files</Filter>
    </ClInclude>
    <ClInclude Include="Figuras\CG_OBJ.h">
      <Filter>Figuras</Filter>
    </ClInclude>
    <ClInclude Include="Figuras\Cilindro.h">
      <Filter>Figuras</Filter>
    </ClInclude>
    <ClInclude Include="Figuras\Cubo.h">
      <Filter>Figuras</Filter>
    </ClInclude>
    <ClInclude Include="Figuras\Esfera.h">
      <Filter>Figuras</Filter>
    </ClInclude>
    <ClInclude Include="Figuras\Plano.h">
      <Filter>Figuras</Filter>
    </ClInclude>
    <ClInclude Include="Figuras\SolidoRevolucao.h">
      <Filter>Figuras</Filter>
    </ClInclude>
    <ClInclude Include="Textura.h">
      <Filter>Header Files</Filter>
    </ClInclude>
    <ClInclude Include="Light.h">
      <Filter>Header Files</Filter>
    </ClInclude>
    <ClInclude Include="Profiler.h">
      <Filter>Header Files</Filter>
    </ClInclude>
    <ClInclude Include="Frustum.h">
      <Filter>Header Files</Filter>
    </ClInclude>
    <ClInclude Include="Plano3D.h">
      <Filter>Header Files</Filter>
    </ClInclude>
    <ClInclude Include="Vec3.h">
      <Filter>Header Files</Filter>
    </ClInclude>
    <ClInclude Include="ObjectTree.h">
      <Filter>Header Files</Filter>
    </ClInclude>
    <ClInclude Include="Figuras\Triangulo.h">
      <Filter>Figuras</Filter>
    </ClInclude>
  </ItemGroup>
  <ItemGroup>
    <Image Include="Texturas\madeira.png">
      <Filter>Resource Files</Filter>
    </Image>
    <Image Include="Texturas\planetaTerra.jpg">
      <Filter>Resource Files</Filter>
    </Image>
    <Image Include="Texturas\lava1.png">
      <Filter>Resource Files</Filter>
    </Image>
    <Image Include="Texturas\sol.jpg">
      <Filter>Resource Files</Filter>
    </Image>
    <Image Include="Texturas\folhas.png">
      <Filter>Resource Files</Filter>
    </Image>
    <Image Include="Texturas\ervas.png">
      <Filter>Resource Files</Filter>
    </Image>
    <Image Include="Texturas\relva.png">
      <Filter>Resource Files</Filter>
    </Image>
    <Image Include="Texturas\shinyMetal.png">
      <Filter>Resource Files</Filter>
    </Image>
    <Image Include="Texturas\shinyBrushedMetal.png">
      <Filter>Resource Files</Filter>
    </Image>
    <Image Include="Texturas\paredePedra.png">
      <Filter>Resource Files</Filter>
    </Image>
    <Image Include="Texturas\madeiraEscura.png">
      <Filter>Resource Files</Filter>
    </Image>
    <Image Include="Texturas\alcatifaVermelha.png">
      <Filter>Resource Files</Filter>
    </Image>
    <Image Include="Texturas\calmCookie.png">
      <Filter>Resource Files</Filter>
    </Image>
    <Image Include="Texturas\madeiraVermelha.png">
      <Filter>Resource Files</Filter>
    </Image>
    <Image Include="Texturas\marble.png">
      <Filter>Resource Files</Filter>
    </Image>
    <Image Include="Texturas\bilharTecido.png">
      <Filter>Resource Files</Filter>
    </Image>
  </ItemGroup>
</Project>